
Microsoft Visual Studio Solution File, Format Version 12.00
# Visual Studio Version 16
VisualStudioVersion = 16.0.30413.136
MinimumVisualStudioVersion = 10.0.40219.1
Project("{FAE04EC0-301F-11D3-BF4B-00C04F79EFBC}") = "EPAM", "EPAM\EPAM.csproj", "{A1BA90A3-9F60-4355-B17C-F26D68473AF0}"
EndProject
Global
	GlobalSection(SolutionConfigurationPlatforms) = preSolution
		Debug|Any CPU = Debug|Any CPU
		Release|Any CPU = Release|Any CPU
	EndGlobalSection
	GlobalSection(ProjectConfigurationPlatforms) = postSolution
		{A1BA90A3-9F60-4355-B17C-F26D68473AF0}.Debug|Any CPU.ActiveCfg = Debug|Any CPU
		{A1BA90A3-9F60-4355-B17C-F26D68473AF0}.Debug|Any CPU.Build.0 = Debug|Any CPU
		{A1BA90A3-9F60-4355-B17C-F26D68473AF0}.Release|Any CPU.ActiveCfg = Release|Any CPU
		{A1BA90A3-9F60-4355-B17C-F26D68473AF0}.Release|Any CPU.Build.0 = Release|Any CPU
	EndGlobalSection
	GlobalSection(SolutionProperties) = preSolution
		HideSolutionNode = FALSE
	EndGlobalSection
	GlobalSection(ExtensibilityGlobals) = postSolution
		SolutionGuid = {BCBF754C-895F-40FC-B3D1-AAE1C6751F86}
	EndGlobalSection
EndGlobal
